
Microsoft Visual Studio Solution File, Format Version 12.00
# Visual Studio Version 17
VisualStudioVersion = 17.14.36127.28 d17.14
MinimumVisualStudioVersion = 10.0.40219.1
Project("{FAE04EC0-301F-11D3-BF4B-00C04F79EFBC}") = "LeaveManagmentSystem.Web", "LeaveManagmentSystem.Web\LeaveManagmentSystem.Web.csproj", "{804ADB0C-380F-4EC5-9D16-DE98239143CB}"
EndProject
Global
	GlobalSection(SolutionConfigurationPlatforms) = preSolution
		Debug|Any CPU = Debug|Any CPU
		Release|Any CPU = Release|Any CPU
	EndGlobalSection
	GlobalSection(ProjectConfigurationPlatforms) = postSolution
		{804ADB0C-380F-4EC5-9D16-DE98239143CB}.Debug|Any CPU.ActiveCfg = Debug|Any CPU
		{804ADB0C-380F-4EC5-9D16-DE98239143CB}.Debug|Any CPU.Build.0 = Debug|Any CPU
		{804ADB0C-380F-4EC5-9D16-DE98239143CB}.Release|Any CPU.ActiveCfg = Release|Any CPU
		{804ADB0C-380F-4EC5-9D16-DE98239143CB}.Release|Any CPU.Build.0 = Release|Any CPU
	EndGlobalSection
	GlobalSection(SolutionProperties) = preSolution
		HideSolutionNode = FALSE
	EndGlobalSection
	GlobalSection(ExtensibilityGlobals) = postSolution
		SolutionGuid = {481E100A-0C96-4323-82D1-615EC0005DEF}
	EndGlobalSection
EndGlobal
